// !$*UTF8*$!
{
	archiveVersion = 1;
	classes = {
	};
	objectVersion = 48;
	objects = {

/* Begin PBXBuildFile section */
		31A39B0A1FBB9CE300EBB7E9 /* AppDelegate.swift in Sources */ = {isa = PBXBuildFile; fileRef = 31A39B091FBB9CE300EBB7E9 /* AppDelegate.swift */; };
		31A39B0C1FBB9CE300EBB7E9 /* ViewController.swift in Sources */ = {isa = PBXBuildFile; fileRef = 31A39B0B1FBB9CE300EBB7E9 /* ViewController.swift */; };
		31A39B0F1FBB9CE300EBB7E9 /* Main.storyboard in Resources */ = {isa = PBXBuildFile; fileRef = 31A39B0D1FBB9CE300EBB7E9 /* Main.storyboard */; };
		31A39B111FBB9CE300EBB7E9 /* Assets.xcassets in Resources */ = {isa = PBXBuildFile; fileRef = 31A39B101FBB9CE300EBB7E9 /* Assets.xcassets */; };
		31A39B141FBB9CE300EBB7E9 /* LaunchScreen.storyboard in Resources */ = {isa = PBXBuildFile; fileRef = 31A39B121FBB9CE300EBB7E9 /* LaunchScreen.storyboard */; };
		31ED90D11FBC86D100BBE4C7 /* itemCell.swift in Sources */ = {isa = PBXBuildFile; fileRef = 31ED90D01FBC86D100BBE4C7 /* itemCell.swift */; };
		31ED90D51FBC9ACF00BBE4C7 /* Models.scnassets in Resources */ = {isa = PBXBuildFile; fileRef = 31ED90D41FBC9ACF00BBE4C7 /* Models.scnassets */; };
/* End PBXBuildFile section */

/* Begin PBXFileReference section */
		31A39B061FBB9CE200EBB7E9 /* IKEA App.app */ = {isa = PBXFileReference; explicitFileType = wrapper.application; includeInIndex = 0; path = "IKEA App.app"; sourceTree = BUILT_PRODUCTS_DIR; };
		31A39B091FBB9CE300EBB7E9 /* AppDelegate.swift */ = {isa = PBXFileReference; lastKnownFileType = sourcecode.swift; path = AppDelegate.swift; sourceTree = "<group>"; };
		31A39B0B1FBB9CE300EBB7E9 /* ViewController.swift */ = {isa = PBXFileReference; lastKnownFileType = sourcecode.swift; path = ViewController.swift; sourceTree = "<group>"; };
		31A39B0E1FBB9CE300EBB7E9 /* Base */ = {isa = PBXFileReference; lastKnownFileType = file.storyboard; name = Base; path = Base.lproj/Main.storyboard; sourceTree = "<group>"; };
		31A39B101FBB9CE300EBB7E9 /* Assets.xcassets */ = {isa = PBXFileReference; lastKnownFileType = folder.assetcatalog; path = Assets.xcassets; sourceTree = "<group>"; };
		31A39B131FBB9CE300EBB7E9 /* Base */ = {isa = PBXFileReference; lastKnownFileType = file.storyboard; name = Base; path = Base.lproj/LaunchScreen.storyboard; sourceTree = "<group>"; };
		31A39B151FBB9CE300EBB7E9 /* Info.plist */ = {isa = PBXFileReference; lastKnownFileType = text.plist.xml; path = Info.plist; sourceTree = "<group>"; };
		31ED90D01FBC86D100BBE4C7 /* itemCell.swift */ = {isa = PBXFileReference; lastKnownFileType = sourcecode.swift; path = itemCell.swift; sourceTree = "<group>"; };
		31ED90D41FBC9ACF00BBE4C7 /* Models.scnassets */ = {isa = PBXFileReference; lastKnownFileType = wrapper.scnassets; path = Models.scnassets; sourceTree = "<group>"; };
/* End PBXFileReference section */

/* Begin PBXFrameworksBuildPhase section */
		31A39B031FBB9CE200EBB7E9 /* Frameworks */ = {
			isa = PBXFrameworksBuildPhase;
			buildActionMask = 2147483647;
			files = (
			);
			runOnlyForDeploymentPostprocessing = 0;
		};
/* End PBXFrameworksBuildPhase section */

/* Begin PBXGroup section */
		31A39AFD1FBB9CE200EBB7E9 = {
			isa = PBXGroup;
			children = (
				31A39B081FBB9CE200EBB7E9 /* IKEA App */,
				31A39B071FBB9CE200EBB7E9 /* Products */,
			);
			sourceTree = "<group>";
		};
		31A39B071FBB9CE200EBB7E9 /* Products */ = {
			isa = PBXGroup;
			children = (
				31A39B061FBB9CE200EBB7E9 /* IKEA App.app */,
			);
			name = Products;
			sourceTree = "<group>";
		};
		31A39B081FBB9CE200EBB7E9 /* IKEA App */ = {
			isa = PBXGroup;
			children = (
				31A39B091FBB9CE300EBB7E9 /* AppDelegate.swift */,
				31A39B0B1FBB9CE300EBB7E9 /* ViewController.swift */,
				31A39B0D1FBB9CE300EBB7E9 /* Main.storyboard */,
				31A39B101FBB9CE300EBB7E9 /* Assets.xcassets */,
				31A39B121FBB9CE300EBB7E9 /* LaunchScreen.storyboard */,
				31A39B151FBB9CE300EBB7E9 /* Info.plist */,
				31ED90D01FBC86D100BBE4C7 /* itemCell.swift */,
				31ED90D41FBC9ACF00BBE4C7 /* Models.scnassets */,
			);
			path = "IKEA App";
			sourceTree = "<group>";
		};
/* End PBXGroup section */

/* Begin PBXNativeTarget section */
		31A39B051FBB9CE200EBB7E9 /* IKEA App */ = {
			isa = PBXNativeTarget;
			buildConfigurationList = 31A39B181FBB9CE300EBB7E9 /* Build configuration list for PBXNativeTarget "IKEA App" */;
			buildPhases = (
				31A39B021FBB9CE200EBB7E9 /* Sources */,
				31A39B031FBB9CE200EBB7E9 /* Frameworks */,
				31A39B041FBB9CE200EBB7E9 /* Resources */,
			);
			buildRules = (
			);
			dependencies = (
			);
			name = "IKEA App";
			productName = "IKEA App";
			productReference = 31A39B061FBB9CE200EBB7E9 /* IKEA App.app */;
			productType = "com.apple.product-type.application";
		};
/* End PBXNativeTarget section */

/* Begin PBXProject section */
		31A39AFE1FBB9CE200EBB7E9 /* Project object */ = {
			isa = PBXProject;
			attributes = {
				LastSwiftUpdateCheck = 0900;
				LastUpgradeCheck = 0900;
				ORGANIZATIONNAME = "Anuj Dutt";
				TargetAttributes = {
					31A39B051FBB9CE200EBB7E9 = {
						CreatedOnToolsVersion = 9.0.1;
						ProvisioningStyle = Automatic;
					};
				};
			};
			buildConfigurationList = 31A39B011FBB9CE200EBB7E9 /* Build configuration list for PBXProject "IKEA App" */;
			compatibilityVersion = "Xcode 8.0";
			developmentRegion = en;
			hasScannedForEncodings = 0;
			knownRegions = (
				en,
				Base,
			);
			mainGroup = 31A39AFD1FBB9CE200EBB7E9;
			productRefGroup = 31A39B071FBB9CE200EBB7E9 /* Products */;
			projectDirPath = "";
			projectRoot = "";
			targets = (
				31A39B051FBB9CE200EBB7E9 /* IKEA App */,
			);
		};
/* End PBXProject section */

/* Begin PBXResourcesBuildPhase section */
		31A39B041FBB9CE200EBB7E9 /* Resources */ = {
			isa = PBXResourcesBuildPhase;
			buildActionMask = 2147483647;
			files = (
				31A39B141FBB9CE300EBB7E9 /* LaunchScreen.storyboard in Resources */,
				31ED90D51FBC9ACF00BBE4C7 /* Models.scnassets in Resources */,
				31A39B111FBB9CE300EBB7E9 /* Assets.xcassets in Resources */,
				31A39B0F1FBB9CE300EBB7E9 /* Main.storyboard in Resources */,
			);
			runOnlyForDeploymentPostprocessing = 0;
		};
/* End PBXResourcesBuildPhase section */

/* Begin PBXSourcesBuildPhase section */
		31A39B021FBB9CE200EBB7E9 /* Sources */ = {
			isa = PBXSourcesBuildPhase;
			buildActionMask = 2147483647;
			files = (
				31A39B0C1FBB9CE300EBB7E9 /* ViewController.swift in Sources */,
				31ED90D11FBC86D100BBE4C7 /* itemCell.swift in Sources */,
				31A39B0A1FBB9CE300EBB7E9 /* AppDelegate.swift in Sources */,
			);
			runOnlyForDeploymentPostprocessing = 0;
		};
/* End PBXSourcesBuildPhase section */

/* Begin PBXVariantGroup section */
		31A39B0D1FBB9CE300EBB7E9 /* Main.storyboard */ = {
			isa = PBXVariantGroup;
			children = (
				31A39B0E1FBB9CE300EBB7E9 /* Base */,
			);
			name = Main.storyboard;
			sourceTree = "<group>";
		};
		31A39B121FBB9CE300EBB7E9 /* LaunchScreen.storyboard */ = {
			isa = PBXVariantGroup;
			children = (
				31A39B131FBB9CE300EBB7E9 /* Base */,
			);
			name = LaunchScreen.storyboard;
			sourceTree = "<group>";
		};
/* End PBXVariantGroup section */

/* Begin XCBuildConfiguration section */
		31A39B161FBB9CE300EBB7E9 /* Debug */ = {
			isa = XCBuildConfiguration;
			buildSettings = {
				ALWAYS_SEARCH_USER_PATHS = NO;
				CLANG_ANALYZER_NONNULL = YES;
				CLANG_ANALYZER_NUMBER_OBJECT_CONVERSION = YES_AGGRESSIVE;
				CLANG_CXX_LANGUAGE_STANDARD = "gnu++14";
				CLANG_CXX_LIBRARY = "libc++";
				CLANG_ENABLE_MODULES = YES;
				CLANG_ENABLE_OBJC_ARC = YES;
				CLANG_WARN_BLOCK_CAPTURE_AUTORELEASING = YES;
				CLANG_WARN_BOOL_CONVERSION = YES;
				CLANG_WARN_COMMA = YES;
				CLANG_WARN_CONSTANT_CONVERSION = YES;
				CLANG_WARN_DIRECT_OBJC_ISA_USAGE = YES_ERROR;
				CLANG_WARN_DOCUMENTATION_COMMENTS = YES;
				CLANG_WARN_EMPTY_BODY = YES;
				CLANG_WARN_ENUM_CONVERSION = YES;
				CLANG_WARN_INFINITE_RECURSION = YES;
				CLANG_WARN_INT_CONVERSION = YES;
				CLANG_WARN_NON_LITERAL_NULL_CONVERSION = YES;
				CLANG_WARN_OBJC_LITERAL_CONVERSION = YES;
				CLANG_WARN_OBJC_ROOT_CLASS = YES_ERROR;
				CLANG_WARN_RANGE_LOOP_ANALYSIS = YES;
				CLANG_WARN_STRICT_PROTOTYPES = YES;
				CLANG_WARN_SUSPICIOUS_MOVE = YES;
				CLANG_WARN_UNGUARDED_AVAILABILITY = YES_AGGRESSIVE;
				CLANG_WARN_UNREACHABLE_CODE = YES;
				CLANG_WARN__DUPLICATE_METHOD_MATCH = YES;
				CODE_SIGN_IDENTITY = "iPhone Developer";
				COPY_PHASE_STRIP = NO;
				DEBUG_INFORMATION_FORMAT = dwarf;
				ENABLE_STRICT_OBJC_MSGSEND = YES;
				ENABLE_TESTABILITY = YES;
				GCC_C_LANGUAGE_STANDARD = gnu11;
				GCC_DYNAMIC_NO_PIC = NO;
				GCC_NO_COMMON_BLOCKS = YES;
				GCC_OPTIMIZATION_LEVEL = 0;
				GCC_PREPROCESSOR_DEFINITIONS = (
					"DEBUG=1",
					"$(inherited)",
				);
				GCC_WARN_64_TO_32_BIT_CONVERSION = YES;
				GCC_WARN_ABOUT_RETURN_TYPE = YES_ERROR;
				GCC_WARN_UNDECLARED_SELECTOR = YES;
				GCC_WARN_UNINITIALIZED_AUTOS = YES_AGGRESSIVE;
				GCC_WARN_UNUSED_FUNCTION = YES;
				GCC_WARN_UNUSED_VARIABLE = YES;
				IPHONEOS_DEPLOYMENT_TARGET = 11.0;
				MTL_ENABLE_DEBUG_INFO = YES;
				ONLY_ACTIVE_ARCH = YES;
				SDKROOT = iphoneos;
				SWIFT_ACTIVE_COMPILATION_CONDITIONS = DEBUG;
				SWIFT_OPTIMIZATION_LEVEL = "-Onone";
			};
			name = Debug;
		};
		31A39B171FBB9CE300EBB7E9 /* Release */ = {
			isa = XCBuildConfiguration;
			buildSettings = {
				ALWAYS_SEARCH_USER_PATHS = NO;
				CLANG_ANALYZER_NONNULL = YES;
				CLANG_ANALYZER_NUMBER_OBJECT_CONVERSION = YES_AGGRESSIVE;
				CLANG_CXX_LANGUAGE_STANDARD = "gnu++14";
				CLANG_CXX_LIBRARY = "libc++";
				CLANG_ENABLE_MODULES = YES;
				CLANG_ENABLE_OBJC_ARC = YES;
				CLANG_WARN_BLOCK_CAPTURE_AUTORELEASING = YES;
				CLANG_WARN_BOOL_CONVERSION = YES;
				CLANG_WARN_COMMA = YES;
				CLANG_WARN_CONSTANT_CONVERSION = YES;
				CLANG_WARN_DIRECT_OBJC_ISA_USAGE = YES_ERROR;
				CLANG_WARN_DOCUMENTATION_COMMENTS = YES;
				CLANG_WARN_EMPTY_BODY = YES;
				CLANG_WARN_ENUM_CONVERSION = YES;
				CLANG_WARN_INFINITE_RECURSION = YES;
				CLANG_WARN_INT_CONVERSION = YES;
				CLANG_WARN_NON_LITERAL_NULL_CONVERSION = YES;
				CLANG_WARN_OBJC_LITERAL_CONVERSION = YES;
				CLANG_WARN_OBJC_ROOT_CLASS = YES_ERROR;
				CLANG_WARN_RANGE_LOOP_ANALYSIS = YES;
				CLANG_WARN_STRICT_PROTOTYPES = YES;
				CLANG_WARN_SUSPICIOUS_MOVE = YES;
				CLANG_WARN_UNGUARDED_AVAILABILITY = YES_AGGRESSIVE;
				CLANG_WARN_UNREACHABLE_CODE = YES;
				CLANG_WARN__DUPLICATE_METHOD_MATCH = YES;
				CODE_SIGN_IDENTITY = "iPhone Developer";
				COPY_PHASE_STRIP = NO;
				DEBUG_INFORMATION_FORMAT = "dwarf-with-dsym";
				ENABLE_NS_ASSERTIONS = NO;
				ENABLE_STRICT_OBJC_MSGSEND = YES;
				GCC_C_LANGUAGE_STANDARD = gnu11;
				GCC_NO_COMMON_BLOCKS = YES;
				GCC_WARN_64_TO_32_BIT_CONVERSION = YES;
				GCC_WARN_ABOUT_RETURN_TYPE = YES_ERROR;
				GCC_WARN_UNDECLARED_SELECTOR = YES;
				GCC_WARN_UNINITIALIZED_AUTOS = YES_AGGRESSIVE;
				GCC_WARN_UNUSED_FUNCTION = YES;
				GCC_WARN_UNUSED_VARIABLE = YES;
				IPHONEOS_DEPLOYMENT_TARGET = 11.0;
				MTL_ENABLE_DEBUG_INFO = NO;
				SDKROOT = iphoneos;
				SWIFT_OPTIMIZATION_LEVEL = "-Owholemodule";
				VALIDATE_PRODUCT = YES;
			};
			name = Release;
		};
		31A39B191FBB9CE300EBB7E9 /* Debug */ = {
			isa = XCBuildConfiguration;
			buildSettings = {
				ASSETCATALOG_COMPILER_APPICON_NAME = AppIcon;
				CODE_SIGN_STYLE = Automatic;
				DEVELOPMENT_TEAM = 4J76NR74T6;
				INFOPLIST_FILE = "IKEA App/Info.plist";
				LD_RUNPATH_SEARCH_PATHS = "$(inherited) @executable_path/Frameworks";
				PRODUCT_BUNDLE_IDENTIFIER = "com.anuj.planedetection.IKEA-App";
				PRODUCT_NAME = "$(TARGET_NAME)";
				SWIFT_VERSION = 4.0;
				TARGETED_DEVICE_FAMILY = "1,2";
			};
			name = Debug;
		};
		31A39B1A1FBB9CE300EBB7E9 /* Release */ = {
			isa = XCBuildConfiguration;
			buildSettings = {
				ASSETCATALOG_COMPILER_APPICON_NAME = AppIcon;
				CODE_SIGN_STYLE = Automatic;
				DEVELOPMENT_TEAM = 4J76NR74T6;
				INFOPLIST_FILE = "IKEA App/Info.plist";
				LD_RUNPATH_SEARCH_PATHS = "$(inherited) @executable_path/Frameworks";
				PRODUCT_BUNDLE_IDENTIFIER = "com.anuj.planedetection.IKEA-App";
				PRODUCT_NAME = "$(TARGET_NAME)";
				SWIFT_VERSION = 4.0;
				TARGETED_DEVICE_FAMILY = "1,2";
			};
			name = Release;
		};
/* End XCBuildConfiguration section */

/* Begin XCConfigurationList section */
		31A39B011FBB9CE200EBB7E9 /* Build configuration list for PBXProject "IKEA App" */ = {
			isa = XCConfigurationList;
			buildConfigurations = (
				31A39B161FBB9CE300EBB7E9 /* Debug */,
				31A39B171FBB9CE300EBB7E9 /* Release */,
			);
			defaultConfigurationIsVisible = 0;
			defaultConfigurationName = Release;
		};
		31A39B181FBB9CE300EBB7E9 /* Build configuration list for PBXNativeTarget "IKEA App" */ = {
			isa = XCConfigurationList;
			buildConfigurations = (
				31A39B191FBB9CE300EBB7E9 /* Debug */,
				31A39B1A1FBB9CE300EBB7E9 /* Release */,
			);
			defaultConfigurationIsVisible = 0;
			defaultConfigurationName = Release;
		};
/* End XCConfigurationList section */
	};
	rootObject = 31A39AFE1FBB9CE200EBB7E9 /* Project object */;
}
