// !$*UTF8*$!
{
	archiveVersion = 1;
	classes = {
	};
	objectVersion = 48;
	objects = {

/* Begin PBXBuildFile section */
		31C79DCA1FBF9CE400C54152 /* AppDelegate.swift in Sources */ = {isa = PBXBuildFile; fileRef = 31C79DC91FBF9CE400C54152 /* AppDelegate.swift */; };
		31C79DCC1FBF9CE400C54152 /* ViewController.swift in Sources */ = {isa = PBXBuildFile; fileRef = 31C79DCB1FBF9CE400C54152 /* ViewController.swift */; };
		31C79DCF1FBF9CE400C54152 /* Main.storyboard in Resources */ = {isa = PBXBuildFile; fileRef = 31C79DCD1FBF9CE400C54152 /* Main.storyboard */; };
		31C79DD11FBF9CE400C54152 /* Assets.xcassets in Resources */ = {isa = PBXBuildFile; fileRef = 31C79DD01FBF9CE400C54152 /* Assets.xcassets */; };
		31C79DD41FBF9CE400C54152 /* LaunchScreen.storyboard in Resources */ = {isa = PBXBuildFile; fileRef = 31C79DD21FBF9CE400C54152 /* LaunchScreen.storyboard */; };
		31C79DDC1FBF9DBE00C54152 /* Portal.scnassets in Resources */ = {isa = PBXBuildFile; fileRef = 31C79DDB1FBF9DBE00C54152 /* Portal.scnassets */; };
		31C79DDE1FBF9DDE00C54152 /* Portal.scn in Resources */ = {isa = PBXBuildFile; fileRef = 31C79DDD1FBF9DDE00C54152 /* Portal.scn */; };
/* End PBXBuildFile section */

/* Begin PBXFileReference section */
		31C79DC61FBF9CE400C54152 /* AR-Portal.app */ = {isa = PBXFileReference; explicitFileType = wrapper.application; includeInIndex = 0; path = "AR-Portal.app"; sourceTree = BUILT_PRODUCTS_DIR; };
		31C79DC91FBF9CE400C54152 /* AppDelegate.swift */ = {isa = PBXFileReference; lastKnownFileType = sourcecode.swift; path = AppDelegate.swift; sourceTree = "<group>"; };
		31C79DCB1FBF9CE400C54152 /* ViewController.swift */ = {isa = PBXFileReference; lastKnownFileType = sourcecode.swift; path = ViewController.swift; sourceTree = "<group>"; };
		31C79DCE1FBF9CE400C54152 /* Base */ = {isa = PBXFileReference; lastKnownFileType = file.storyboard; name = Base; path = Base.lproj/Main.storyboard; sourceTree = "<group>"; };
		31C79DD01FBF9CE400C54152 /* Assets.xcassets */ = {isa = PBXFileReference; lastKnownFileType = folder.assetcatalog; path = Assets.xcassets; sourceTree = "<group>"; };
		31C79DD31FBF9CE400C54152 /* Base */ = {isa = PBXFileReference; lastKnownFileType = file.storyboard; name = Base; path = Base.lproj/LaunchScreen.storyboard; sourceTree = "<group>"; };
		31C79DD51FBF9CE400C54152 /* Info.plist */ = {isa = PBXFileReference; lastKnownFileType = text.plist.xml; path = Info.plist; sourceTree = "<group>"; };
		31C79DDB1FBF9DBE00C54152 /* Portal.scnassets */ = {isa = PBXFileReference; lastKnownFileType = wrapper.scnassets; path = Portal.scnassets; sourceTree = "<group>"; };
		31C79DDD1FBF9DDE00C54152 /* Portal.scn */ = {isa = PBXFileReference; lastKnownFileType = file.bplist; name = Portal.scn; path = Portal.scnassets/Portal.scn; sourceTree = "<group>"; };
/* End PBXFileReference section */

/* Begin PBXFrameworksBuildPhase section */
		31C79DC31FBF9CE400C54152 /* Frameworks */ = {
			isa = PBXFrameworksBuildPhase;
			buildActionMask = 2147483647;
			files = (
			);
			runOnlyForDeploymentPostprocessing = 0;
		};
/* End PBXFrameworksBuildPhase section */

/* Begin PBXGroup section */
		31C79DBD1FBF9CE400C54152 = {
			isa = PBXGroup;
			children = (
				31C79DC81FBF9CE400C54152 /* AR-Portal */,
				31C79DC71FBF9CE400C54152 /* Products */,
			);
			sourceTree = "<group>";
		};
		31C79DC71FBF9CE400C54152 /* Products */ = {
			isa = PBXGroup;
			children = (
				31C79DC61FBF9CE400C54152 /* AR-Portal.app */,
			);
			name = Products;
			sourceTree = "<group>";
		};
		31C79DC81FBF9CE400C54152 /* AR-Portal */ = {
			isa = PBXGroup;
			children = (
				31C79DC91FBF9CE400C54152 /* AppDelegate.swift */,
				31C79DCB1FBF9CE400C54152 /* ViewController.swift */,
				31C79DCD1FBF9CE400C54152 /* Main.storyboard */,
				31C79DD01FBF9CE400C54152 /* Assets.xcassets */,
				31C79DD21FBF9CE400C54152 /* LaunchScreen.storyboard */,
				31C79DD51FBF9CE400C54152 /* Info.plist */,
				31C79DDB1FBF9DBE00C54152 /* Portal.scnassets */,
				31C79DDD1FBF9DDE00C54152 /* Portal.scn */,
			);
			path = "AR-Portal";
			sourceTree = "<group>";
		};
/* End PBXGroup section */

/* Begin PBXNativeTarget section */
		31C79DC51FBF9CE400C54152 /* AR-Portal */ = {
			isa = PBXNativeTarget;
			buildConfigurationList = 31C79DD81FBF9CE400C54152 /* Build configuration list for PBXNativeTarget "AR-Portal" */;
			buildPhases = (
				31C79DC21FBF9CE400C54152 /* Sources */,
				31C79DC31FBF9CE400C54152 /* Frameworks */,
				31C79DC41FBF9CE400C54152 /* Resources */,
			);
			buildRules = (
			);
			dependencies = (
			);
			name = "AR-Portal";
			productName = "AR-Portal";
			productReference = 31C79DC61FBF9CE400C54152 /* AR-Portal.app */;
			productType = "com.apple.product-type.application";
		};
/* End PBXNativeTarget section */

/* Begin PBXProject section */
		31C79DBE1FBF9CE400C54152 /* Project object */ = {
			isa = PBXProject;
			attributes = {
				LastSwiftUpdateCheck = 0900;
				LastUpgradeCheck = 0900;
				ORGANIZATIONNAME = "Anuj Dutt";
				TargetAttributes = {
					31C79DC51FBF9CE400C54152 = {
						CreatedOnToolsVersion = 9.0.1;
						ProvisioningStyle = Automatic;
					};
				};
			};
			buildConfigurationList = 31C79DC11FBF9CE400C54152 /* Build configuration list for PBXProject "AR-Portal" */;
			compatibilityVersion = "Xcode 8.0";
			developmentRegion = en;
			hasScannedForEncodings = 0;
			knownRegions = (
				en,
				Base,
			);
			mainGroup = 31C79DBD1FBF9CE400C54152;
			productRefGroup = 31C79DC71FBF9CE400C54152 /* Products */;
			projectDirPath = "";
			projectRoot = "";
			targets = (
				31C79DC51FBF9CE400C54152 /* AR-Portal */,
			);
		};
/* End PBXProject section */

/* Begin PBXResourcesBuildPhase section */
		31C79DC41FBF9CE400C54152 /* Resources */ = {
			isa = PBXResourcesBuildPhase;
			buildActionMask = 2147483647;
			files = (
				31C79DD41FBF9CE400C54152 /* LaunchScreen.storyboard in Resources */,
				31C79DD11FBF9CE400C54152 /* Assets.xcassets in Resources */,
				31C79DCF1FBF9CE400C54152 /* Main.storyboard in Resources */,
				31C79DDC1FBF9DBE00C54152 /* Portal.scnassets in Resources */,
				31C79DDE1FBF9DDE00C54152 /* Portal.scn in Resources */,
			);
			runOnlyForDeploymentPostprocessing = 0;
		};
/* End PBXResourcesBuildPhase section */

/* Begin PBXSourcesBuildPhase section */
		31C79DC21FBF9CE400C54152 /* Sources */ = {
			isa = PBXSourcesBuildPhase;
			buildActionMask = 2147483647;
			files = (
				31C79DCC1FBF9CE400C54152 /* ViewController.swift in Sources */,
				31C79DCA1FBF9CE400C54152 /* AppDelegate.swift in Sources */,
			);
			runOnlyForDeploymentPostprocessing = 0;
		};
/* End PBXSourcesBuildPhase section */

/* Begin PBXVariantGroup section */
		31C79DCD1FBF9CE400C54152 /* Main.storyboard */ = {
			isa = PBXVariantGroup;
			children = (
				31C79DCE1FBF9CE400C54152 /* Base */,
			);
			name = Main.storyboard;
			sourceTree = "<group>";
		};
		31C79DD21FBF9CE400C54152 /* LaunchScreen.storyboard */ = {
			isa = PBXVariantGroup;
			children = (
				31C79DD31FBF9CE400C54152 /* Base */,
			);
			name = LaunchScreen.storyboard;
			sourceTree = "<group>";
		};
/* End PBXVariantGroup section */

/* Begin XCBuildConfiguration section */
		31C79DD61FBF9CE400C54152 /* Debug */ = {
			isa = XCBuildConfiguration;
			buildSettings = {
				ALWAYS_SEARCH_USER_PATHS = NO;
				CLANG_ANALYZER_NONNULL = YES;
				CLANG_ANALYZER_NUMBER_OBJECT_CONVERSION = YES_AGGRESSIVE;
				CLANG_CXX_LANGUAGE_STANDARD = "gnu++14";
				CLANG_CXX_LIBRARY = "libc++";
				CLANG_ENABLE_MODULES = YES;
				CLANG_ENABLE_OBJC_ARC = YES;
				CLANG_WARN_BLOCK_CAPTURE_AUTORELEASING = YES;
				CLANG_WARN_BOOL_CONVERSION = YES;
				CLANG_WARN_COMMA = YES;
				CLANG_WARN_CONSTANT_CONVERSION = YES;
				CLANG_WARN_DIRECT_OBJC_ISA_USAGE = YES_ERROR;
				CLANG_WARN_DOCUMENTATION_COMMENTS = YES;
				CLANG_WARN_EMPTY_BODY = YES;
				CLANG_WARN_ENUM_CONVERSION = YES;
				CLANG_WARN_INFINITE_RECURSION = YES;
				CLANG_WARN_INT_CONVERSION = YES;
				CLANG_WARN_NON_LITERAL_NULL_CONVERSION = YES;
				CLANG_WARN_OBJC_LITERAL_CONVERSION = YES;
				CLANG_WARN_OBJC_ROOT_CLASS = YES_ERROR;
				CLANG_WARN_RANGE_LOOP_ANALYSIS = YES;
				CLANG_WARN_STRICT_PROTOTYPES = YES;
				CLANG_WARN_SUSPICIOUS_MOVE = YES;
				CLANG_WARN_UNGUARDED_AVAILABILITY = YES_AGGRESSIVE;
				CLANG_WARN_UNREACHABLE_CODE = YES;
				CLANG_WARN__DUPLICATE_METHOD_MATCH = YES;
				CODE_SIGN_IDENTITY = "iPhone Developer";
				COPY_PHASE_STRIP = NO;
				DEBUG_INFORMATION_FORMAT = dwarf;
				ENABLE_STRICT_OBJC_MSGSEND = YES;
				ENABLE_TESTABILITY = YES;
				GCC_C_LANGUAGE_STANDARD = gnu11;
				GCC_DYNAMIC_NO_PIC = NO;
				GCC_NO_COMMON_BLOCKS = YES;
				GCC_OPTIMIZATION_LEVEL = 0;
				GCC_PREPROCESSOR_DEFINITIONS = (
					"DEBUG=1",
					"$(inherited)",
				);
				GCC_WARN_64_TO_32_BIT_CONVERSION = YES;
				GCC_WARN_ABOUT_RETURN_TYPE = YES_ERROR;
				GCC_WARN_UNDECLARED_SELECTOR = YES;
				GCC_WARN_UNINITIALIZED_AUTOS = YES_AGGRESSIVE;
				GCC_WARN_UNUSED_FUNCTION = YES;
				GCC_WARN_UNUSED_VARIABLE = YES;
				IPHONEOS_DEPLOYMENT_TARGET = 11.0;
				MTL_ENABLE_DEBUG_INFO = YES;
				ONLY_ACTIVE_ARCH = YES;
				SDKROOT = iphoneos;
				SWIFT_ACTIVE_COMPILATION_CONDITIONS = DEBUG;
				SWIFT_OPTIMIZATION_LEVEL = "-Onone";
			};
			name = Debug;
		};
		31C79DD71FBF9CE400C54152 /* Release */ = {
			isa = XCBuildConfiguration;
			buildSettings = {
				ALWAYS_SEARCH_USER_PATHS = NO;
				CLANG_ANALYZER_NONNULL = YES;
				CLANG_ANALYZER_NUMBER_OBJECT_CONVERSION = YES_AGGRESSIVE;
				CLANG_CXX_LANGUAGE_STANDARD = "gnu++14";
				CLANG_CXX_LIBRARY = "libc++";
				CLANG_ENABLE_MODULES = YES;
				CLANG_ENABLE_OBJC_ARC = YES;
				CLANG_WARN_BLOCK_CAPTURE_AUTORELEASING = YES;
				CLANG_WARN_BOOL_CONVERSION = YES;
				CLANG_WARN_COMMA = YES;
				CLANG_WARN_CONSTANT_CONVERSION = YES;
				CLANG_WARN_DIRECT_OBJC_ISA_USAGE = YES_ERROR;
				CLANG_WARN_DOCUMENTATION_COMMENTS = YES;
				CLANG_WARN_EMPTY_BODY = YES;
				CLANG_WARN_ENUM_CONVERSION = YES;
				CLANG_WARN_INFINITE_RECURSION = YES;
				CLANG_WARN_INT_CONVERSION = YES;
				CLANG_WARN_NON_LITERAL_NULL_CONVERSION = YES;
				CLANG_WARN_OBJC_LITERAL_CONVERSION = YES;
				CLANG_WARN_OBJC_ROOT_CLASS = YES_ERROR;
				CLANG_WARN_RANGE_LOOP_ANALYSIS = YES;
				CLANG_WARN_STRICT_PROTOTYPES = YES;
				CLANG_WARN_SUSPICIOUS_MOVE = YES;
				CLANG_WARN_UNGUARDED_AVAILABILITY = YES_AGGRESSIVE;
				CLANG_WARN_UNREACHABLE_CODE = YES;
				CLANG_WARN__DUPLICATE_METHOD_MATCH = YES;
				CODE_SIGN_IDENTITY = "iPhone Developer";
				COPY_PHASE_STRIP = NO;
				DEBUG_INFORMATION_FORMAT = "dwarf-with-dsym";
				ENABLE_NS_ASSERTIONS = NO;
				ENABLE_STRICT_OBJC_MSGSEND = YES;
				GCC_C_LANGUAGE_STANDARD = gnu11;
				GCC_NO_COMMON_BLOCKS = YES;
				GCC_WARN_64_TO_32_BIT_CONVERSION = YES;
				GCC_WARN_ABOUT_RETURN_TYPE = YES_ERROR;
				GCC_WARN_UNDECLARED_SELECTOR = YES;
				GCC_WARN_UNINITIALIZED_AUTOS = YES_AGGRESSIVE;
				GCC_WARN_UNUSED_FUNCTION = YES;
				GCC_WARN_UNUSED_VARIABLE = YES;
				IPHONEOS_DEPLOYMENT_TARGET = 11.0;
				MTL_ENABLE_DEBUG_INFO = NO;
				SDKROOT = iphoneos;
				SWIFT_OPTIMIZATION_LEVEL = "-Owholemodule";
				VALIDATE_PRODUCT = YES;
			};
			name = Release;
		};
		31C79DD91FBF9CE400C54152 /* Debug */ = {
			isa = XCBuildConfiguration;
			buildSettings = {
				ASSETCATALOG_COMPILER_APPICON_NAME = AppIcon;
				CODE_SIGN_STYLE = Automatic;
				DEVELOPMENT_TEAM = 4J76NR74T6;
				INFOPLIST_FILE = "AR-Portal/Info.plist";
				LD_RUNPATH_SEARCH_PATHS = "$(inherited) @executable_path/Frameworks";
				PRODUCT_BUNDLE_IDENTIFIER = "com.anuj.portal.AR-Portal";
				PRODUCT_NAME = "$(TARGET_NAME)";
				SWIFT_VERSION = 4.0;
				TARGETED_DEVICE_FAMILY = "1,2";
			};
			name = Debug;
		};
		31C79DDA1FBF9CE400C54152 /* Release */ = {
			isa = XCBuildConfiguration;
			buildSettings = {
				ASSETCATALOG_COMPILER_APPICON_NAME = AppIcon;
				CODE_SIGN_STYLE = Automatic;
				DEVELOPMENT_TEAM = 4J76NR74T6;
				INFOPLIST_FILE = "AR-Portal/Info.plist";
				LD_RUNPATH_SEARCH_PATHS = "$(inherited) @executable_path/Frameworks";
				PRODUCT_BUNDLE_IDENTIFIER = "com.anuj.portal.AR-Portal";
				PRODUCT_NAME = "$(TARGET_NAME)";
				SWIFT_VERSION = 4.0;
				TARGETED_DEVICE_FAMILY = "1,2";
			};
			name = Release;
		};
/* End XCBuildConfiguration section */

/* Begin XCConfigurationList section */
		31C79DC11FBF9CE400C54152 /* Build configuration list for PBXProject "AR-Portal" */ = {
			isa = XCConfigurationList;
			buildConfigurations = (
				31C79DD61FBF9CE400C54152 /* Debug */,
				31C79DD71FBF9CE400C54152 /* Release */,
			);
			defaultConfigurationIsVisible = 0;
			defaultConfigurationName = Release;
		};
		31C79DD81FBF9CE400C54152 /* Build configuration list for PBXNativeTarget "AR-Portal" */ = {
			isa = XCConfigurationList;
			buildConfigurations = (
				31C79DD91FBF9CE400C54152 /* Debug */,
				31C79DDA1FBF9CE400C54152 /* Release */,
			);
			defaultConfigurationIsVisible = 0;
			defaultConfigurationName = Release;
		};
/* End XCConfigurationList section */
	};
	rootObject = 31C79DBE1FBF9CE400C54152 /* Project object */;
}
