// !$*UTF8*$!
{
	archiveVersion = 1;
	classes = {
	};
	objectVersion = 48;
	objects = {

/* Begin PBXBuildFile section */
		312FDD161FBB8D8C004781D3 /* AppDelegate.swift in Sources */ = {isa = PBXBuildFile; fileRef = 312FDD151FBB8D8C004781D3 /* AppDelegate.swift */; };
		312FDD181FBB8D8C004781D3 /* ViewController.swift in Sources */ = {isa = PBXBuildFile; fileRef = 312FDD171FBB8D8C004781D3 /* ViewController.swift */; };
		312FDD1B1FBB8D8C004781D3 /* Main.storyboard in Resources */ = {isa = PBXBuildFile; fileRef = 312FDD191FBB8D8C004781D3 /* Main.storyboard */; };
		312FDD1D1FBB8D8C004781D3 /* Assets.xcassets in Resources */ = {isa = PBXBuildFile; fileRef = 312FDD1C1FBB8D8C004781D3 /* Assets.xcassets */; };
		312FDD201FBB8D8C004781D3 /* LaunchScreen.storyboard in Resources */ = {isa = PBXBuildFile; fileRef = 312FDD1E1FBB8D8C004781D3 /* LaunchScreen.storyboard */; };
/* End PBXBuildFile section */

/* Begin PBXFileReference section */
		312FDD121FBB8D8C004781D3 /* Plane Detection.app */ = {isa = PBXFileReference; explicitFileType = wrapper.application; includeInIndex = 0; path = "Plane Detection.app"; sourceTree = BUILT_PRODUCTS_DIR; };
		312FDD151FBB8D8C004781D3 /* AppDelegate.swift */ = {isa = PBXFileReference; lastKnownFileType = sourcecode.swift; path = AppDelegate.swift; sourceTree = "<group>"; };
		312FDD171FBB8D8C004781D3 /* ViewController.swift */ = {isa = PBXFileReference; lastKnownFileType = sourcecode.swift; path = ViewController.swift; sourceTree = "<group>"; };
		312FDD1A1FBB8D8C004781D3 /* Base */ = {isa = PBXFileReference; lastKnownFileType = file.storyboard; name = Base; path = Base.lproj/Main.storyboard; sourceTree = "<group>"; };
		312FDD1C1FBB8D8C004781D3 /* Assets.xcassets */ = {isa = PBXFileReference; lastKnownFileType = folder.assetcatalog; path = Assets.xcassets; sourceTree = "<group>"; };
		312FDD1F1FBB8D8C004781D3 /* Base */ = {isa = PBXFileReference; lastKnownFileType = file.storyboard; name = Base; path = Base.lproj/LaunchScreen.storyboard; sourceTree = "<group>"; };
		312FDD211FBB8D8C004781D3 /* Info.plist */ = {isa = PBXFileReference; lastKnownFileType = text.plist.xml; path = Info.plist; sourceTree = "<group>"; };
/* End PBXFileReference section */

/* Begin PBXFrameworksBuildPhase section */
		312FDD0F1FBB8D8C004781D3 /* Frameworks */ = {
			isa = PBXFrameworksBuildPhase;
			buildActionMask = 2147483647;
			files = (
			);
			runOnlyForDeploymentPostprocessing = 0;
		};
/* End PBXFrameworksBuildPhase section */

/* Begin PBXGroup section */
		312FDD091FBB8D8C004781D3 = {
			isa = PBXGroup;
			children = (
				312FDD141FBB8D8C004781D3 /* Plane Detection */,
				312FDD131FBB8D8C004781D3 /* Products */,
			);
			sourceTree = "<group>";
		};
		312FDD131FBB8D8C004781D3 /* Products */ = {
			isa = PBXGroup;
			children = (
				312FDD121FBB8D8C004781D3 /* Plane Detection.app */,
			);
			name = Products;
			sourceTree = "<group>";
		};
		312FDD141FBB8D8C004781D3 /* Plane Detection */ = {
			isa = PBXGroup;
			children = (
				312FDD151FBB8D8C004781D3 /* AppDelegate.swift */,
				312FDD171FBB8D8C004781D3 /* ViewController.swift */,
				312FDD191FBB8D8C004781D3 /* Main.storyboard */,
				312FDD1C1FBB8D8C004781D3 /* Assets.xcassets */,
				312FDD1E1FBB8D8C004781D3 /* LaunchScreen.storyboard */,
				312FDD211FBB8D8C004781D3 /* Info.plist */,
			);
			path = "Plane Detection";
			sourceTree = "<group>";
		};
/* End PBXGroup section */

/* Begin PBXNativeTarget section */
		312FDD111FBB8D8C004781D3 /* Plane Detection */ = {
			isa = PBXNativeTarget;
			buildConfigurationList = 312FDD241FBB8D8C004781D3 /* Build configuration list for PBXNativeTarget "Plane Detection" */;
			buildPhases = (
				312FDD0E1FBB8D8C004781D3 /* Sources */,
				312FDD0F1FBB8D8C004781D3 /* Frameworks */,
				312FDD101FBB8D8C004781D3 /* Resources */,
			);
			buildRules = (
			);
			dependencies = (
			);
			name = "Plane Detection";
			productName = "Plane Detection";
			productReference = 312FDD121FBB8D8C004781D3 /* Plane Detection.app */;
			productType = "com.apple.product-type.application";
		};
/* End PBXNativeTarget section */

/* Begin PBXProject section */
		312FDD0A1FBB8D8C004781D3 /* Project object */ = {
			isa = PBXProject;
			attributes = {
				LastSwiftUpdateCheck = 0900;
				LastUpgradeCheck = 0900;
				ORGANIZATIONNAME = "Anuj Dutt";
				TargetAttributes = {
					312FDD111FBB8D8C004781D3 = {
						CreatedOnToolsVersion = 9.0.1;
						ProvisioningStyle = Automatic;
					};
				};
			};
			buildConfigurationList = 312FDD0D1FBB8D8C004781D3 /* Build configuration list for PBXProject "Plane Detection" */;
			compatibilityVersion = "Xcode 8.0";
			developmentRegion = en;
			hasScannedForEncodings = 0;
			knownRegions = (
				en,
				Base,
			);
			mainGroup = 312FDD091FBB8D8C004781D3;
			productRefGroup = 312FDD131FBB8D8C004781D3 /* Products */;
			projectDirPath = "";
			projectRoot = "";
			targets = (
				312FDD111FBB8D8C004781D3 /* Plane Detection */,
			);
		};
/* End PBXProject section */

/* Begin PBXResourcesBuildPhase section */
		312FDD101FBB8D8C004781D3 /* Resources */ = {
			isa = PBXResourcesBuildPhase;
			buildActionMask = 2147483647;
			files = (
				312FDD201FBB8D8C004781D3 /* LaunchScreen.storyboard in Resources */,
				312FDD1D1FBB8D8C004781D3 /* Assets.xcassets in Resources */,
				312FDD1B1FBB8D8C004781D3 /* Main.storyboard in Resources */,
			);
			runOnlyForDeploymentPostprocessing = 0;
		};
/* End PBXResourcesBuildPhase section */

/* Begin PBXSourcesBuildPhase section */
		312FDD0E1FBB8D8C004781D3 /* Sources */ = {
			isa = PBXSourcesBuildPhase;
			buildActionMask = 2147483647;
			files = (
				312FDD181FBB8D8C004781D3 /* ViewController.swift in Sources */,
				312FDD161FBB8D8C004781D3 /* AppDelegate.swift in Sources */,
			);
			runOnlyForDeploymentPostprocessing = 0;
		};
/* End PBXSourcesBuildPhase section */

/* Begin PBXVariantGroup section */
		312FDD191FBB8D8C004781D3 /* Main.storyboard */ = {
			isa = PBXVariantGroup;
			children = (
				312FDD1A1FBB8D8C004781D3 /* Base */,
			);
			name = Main.storyboard;
			sourceTree = "<group>";
		};
		312FDD1E1FBB8D8C004781D3 /* LaunchScreen.storyboard */ = {
			isa = PBXVariantGroup;
			children = (
				312FDD1F1FBB8D8C004781D3 /* Base */,
			);
			name = LaunchScreen.storyboard;
			sourceTree = "<group>";
		};
/* End PBXVariantGroup section */

/* Begin XCBuildConfiguration section */
		312FDD221FBB8D8C004781D3 /* Debug */ = {
			isa = XCBuildConfiguration;
			buildSettings = {
				ALWAYS_SEARCH_USER_PATHS = NO;
				CLANG_ANALYZER_NONNULL = YES;
				CLANG_ANALYZER_NUMBER_OBJECT_CONVERSION = YES_AGGRESSIVE;
				CLANG_CXX_LANGUAGE_STANDARD = "gnu++14";
				CLANG_CXX_LIBRARY = "libc++";
				CLANG_ENABLE_MODULES = YES;
				CLANG_ENABLE_OBJC_ARC = YES;
				CLANG_WARN_BLOCK_CAPTURE_AUTORELEASING = YES;
				CLANG_WARN_BOOL_CONVERSION = YES;
				CLANG_WARN_COMMA = YES;
				CLANG_WARN_CONSTANT_CONVERSION = YES;
				CLANG_WARN_DIRECT_OBJC_ISA_USAGE = YES_ERROR;
				CLANG_WARN_DOCUMENTATION_COMMENTS = YES;
				CLANG_WARN_EMPTY_BODY = YES;
				CLANG_WARN_ENUM_CONVERSION = YES;
				CLANG_WARN_INFINITE_RECURSION = YES;
				CLANG_WARN_INT_CONVERSION = YES;
				CLANG_WARN_NON_LITERAL_NULL_CONVERSION = YES;
				CLANG_WARN_OBJC_LITERAL_CONVERSION = YES;
				CLANG_WARN_OBJC_ROOT_CLASS = YES_ERROR;
				CLANG_WARN_RANGE_LOOP_ANALYSIS = YES;
				CLANG_WARN_STRICT_PROTOTYPES = YES;
				CLANG_WARN_SUSPICIOUS_MOVE = YES;
				CLANG_WARN_UNGUARDED_AVAILABILITY = YES_AGGRESSIVE;
				CLANG_WARN_UNREACHABLE_CODE = YES;
				CLANG_WARN__DUPLICATE_METHOD_MATCH = YES;
				CODE_SIGN_IDENTITY = "iPhone Developer";
				COPY_PHASE_STRIP = NO;
				DEBUG_INFORMATION_FORMAT = dwarf;
				ENABLE_STRICT_OBJC_MSGSEND = YES;
				ENABLE_TESTABILITY = YES;
				GCC_C_LANGUAGE_STANDARD = gnu11;
				GCC_DYNAMIC_NO_PIC = NO;
				GCC_NO_COMMON_BLOCKS = YES;
				GCC_OPTIMIZATION_LEVEL = 0;
				GCC_PREPROCESSOR_DEFINITIONS = (
					"DEBUG=1",
					"$(inherited)",
				);
				GCC_WARN_64_TO_32_BIT_CONVERSION = YES;
				GCC_WARN_ABOUT_RETURN_TYPE = YES_ERROR;
				GCC_WARN_UNDECLARED_SELECTOR = YES;
				GCC_WARN_UNINITIALIZED_AUTOS = YES_AGGRESSIVE;
				GCC_WARN_UNUSED_FUNCTION = YES;
				GCC_WARN_UNUSED_VARIABLE = YES;
				IPHONEOS_DEPLOYMENT_TARGET = 11.0;
				MTL_ENABLE_DEBUG_INFO = YES;
				ONLY_ACTIVE_ARCH = YES;
				SDKROOT = iphoneos;
				SWIFT_ACTIVE_COMPILATION_CONDITIONS = DEBUG;
				SWIFT_OPTIMIZATION_LEVEL = "-Onone";
			};
			name = Debug;
		};
		312FDD231FBB8D8C004781D3 /* Release */ = {
			isa = XCBuildConfiguration;
			buildSettings = {
				ALWAYS_SEARCH_USER_PATHS = NO;
				CLANG_ANALYZER_NONNULL = YES;
				CLANG_ANALYZER_NUMBER_OBJECT_CONVERSION = YES_AGGRESSIVE;
				CLANG_CXX_LANGUAGE_STANDARD = "gnu++14";
				CLANG_CXX_LIBRARY = "libc++";
				CLANG_ENABLE_MODULES = YES;
				CLANG_ENABLE_OBJC_ARC = YES;
				CLANG_WARN_BLOCK_CAPTURE_AUTORELEASING = YES;
				CLANG_WARN_BOOL_CONVERSION = YES;
				CLANG_WARN_COMMA = YES;
				CLANG_WARN_CONSTANT_CONVERSION = YES;
				CLANG_WARN_DIRECT_OBJC_ISA_USAGE = YES_ERROR;
				CLANG_WARN_DOCUMENTATION_COMMENTS = YES;
				CLANG_WARN_EMPTY_BODY = YES;
				CLANG_WARN_ENUM_CONVERSION = YES;
				CLANG_WARN_INFINITE_RECURSION = YES;
				CLANG_WARN_INT_CONVERSION = YES;
				CLANG_WARN_NON_LITERAL_NULL_CONVERSION = YES;
				CLANG_WARN_OBJC_LITERAL_CONVERSION = YES;
				CLANG_WARN_OBJC_ROOT_CLASS = YES_ERROR;
				CLANG_WARN_RANGE_LOOP_ANALYSIS = YES;
				CLANG_WARN_STRICT_PROTOTYPES = YES;
				CLANG_WARN_SUSPICIOUS_MOVE = YES;
				CLANG_WARN_UNGUARDED_AVAILABILITY = YES_AGGRESSIVE;
				CLANG_WARN_UNREACHABLE_CODE = YES;
				CLANG_WARN__DUPLICATE_METHOD_MATCH = YES;
				CODE_SIGN_IDENTITY = "iPhone Developer";
				COPY_PHASE_STRIP = NO;
				DEBUG_INFORMATION_FORMAT = "dwarf-with-dsym";
				ENABLE_NS_ASSERTIONS = NO;
				ENABLE_STRICT_OBJC_MSGSEND = YES;
				GCC_C_LANGUAGE_STANDARD = gnu11;
				GCC_NO_COMMON_BLOCKS = YES;
				GCC_WARN_64_TO_32_BIT_CONVERSION = YES;
				GCC_WARN_ABOUT_RETURN_TYPE = YES_ERROR;
				GCC_WARN_UNDECLARED_SELECTOR = YES;
				GCC_WARN_UNINITIALIZED_AUTOS = YES_AGGRESSIVE;
				GCC_WARN_UNUSED_FUNCTION = YES;
				GCC_WARN_UNUSED_VARIABLE = YES;
				IPHONEOS_DEPLOYMENT_TARGET = 11.0;
				MTL_ENABLE_DEBUG_INFO = NO;
				SDKROOT = iphoneos;
				SWIFT_OPTIMIZATION_LEVEL = "-Owholemodule";
				VALIDATE_PRODUCT = YES;
			};
			name = Release;
		};
		312FDD251FBB8D8C004781D3 /* Debug */ = {
			isa = XCBuildConfiguration;
			buildSettings = {
				ASSETCATALOG_COMPILER_APPICON_NAME = AppIcon;
				CODE_SIGN_STYLE = Automatic;
				DEVELOPMENT_TEAM = 4J76NR74T6;
				INFOPLIST_FILE = "Plane Detection/Info.plist";
				LD_RUNPATH_SEARCH_PATHS = "$(inherited) @executable_path/Frameworks";
				PRODUCT_BUNDLE_IDENTIFIER = "com.anuj.planedetection.Plane-Detection";
				PRODUCT_NAME = "$(TARGET_NAME)";
				SWIFT_VERSION = 4.0;
				TARGETED_DEVICE_FAMILY = "1,2";
			};
			name = Debug;
		};
		312FDD261FBB8D8C004781D3 /* Release */ = {
			isa = XCBuildConfiguration;
			buildSettings = {
				ASSETCATALOG_COMPILER_APPICON_NAME = AppIcon;
				CODE_SIGN_STYLE = Automatic;
				DEVELOPMENT_TEAM = 4J76NR74T6;
				INFOPLIST_FILE = "Plane Detection/Info.plist";
				LD_RUNPATH_SEARCH_PATHS = "$(inherited) @executable_path/Frameworks";
				PRODUCT_BUNDLE_IDENTIFIER = "com.anuj.planedetection.Plane-Detection";
				PRODUCT_NAME = "$(TARGET_NAME)";
				SWIFT_VERSION = 4.0;
				TARGETED_DEVICE_FAMILY = "1,2";
			};
			name = Release;
		};
/* End XCBuildConfiguration section */

/* Begin XCConfigurationList section */
		312FDD0D1FBB8D8C004781D3 /* Build configuration list for PBXProject "Plane Detection" */ = {
			isa = XCConfigurationList;
			buildConfigurations = (
				312FDD221FBB8D8C004781D3 /* Debug */,
				312FDD231FBB8D8C004781D3 /* Release */,
			);
			defaultConfigurationIsVisible = 0;
			defaultConfigurationName = Release;
		};
		312FDD241FBB8D8C004781D3 /* Build configuration list for PBXNativeTarget "Plane Detection" */ = {
			isa = XCConfigurationList;
			buildConfigurations = (
				312FDD251FBB8D8C004781D3 /* Debug */,
				312FDD261FBB8D8C004781D3 /* Release */,
			);
			defaultConfigurationIsVisible = 0;
			defaultConfigurationName = Release;
		};
/* End XCConfigurationList section */
	};
	rootObject = 312FDD0A1FBB8D8C004781D3 /* Project object */;
}
