// !$*UTF8*$!
{
	archiveVersion = 1;
	classes = {
	};
	objectVersion = 48;
	objects = {

/* Begin PBXBuildFile section */
		311B2F2F1FB0E5DC00D25FEA /* AppDelegate.swift in Sources */ = {isa = PBXBuildFile; fileRef = 311B2F2E1FB0E5DC00D25FEA /* AppDelegate.swift */; };
		311B2F311FB0E5DC00D25FEA /* ViewController.swift in Sources */ = {isa = PBXBuildFile; fileRef = 311B2F301FB0E5DC00D25FEA /* ViewController.swift */; };
		311B2F341FB0E5DC00D25FEA /* Main.storyboard in Resources */ = {isa = PBXBuildFile; fileRef = 311B2F321FB0E5DC00D25FEA /* Main.storyboard */; };
		311B2F361FB0E5DC00D25FEA /* Assets.xcassets in Resources */ = {isa = PBXBuildFile; fileRef = 311B2F351FB0E5DC00D25FEA /* Assets.xcassets */; };
		311B2F391FB0E5DC00D25FEA /* LaunchScreen.storyboard in Resources */ = {isa = PBXBuildFile; fileRef = 311B2F371FB0E5DC00D25FEA /* LaunchScreen.storyboard */; };
/* End PBXBuildFile section */

/* Begin PBXFileReference section */
		311B2F2B1FB0E5DC00D25FEA /* RelativeObjectRotation.app */ = {isa = PBXFileReference; explicitFileType = wrapper.application; includeInIndex = 0; path = RelativeObjectRotation.app; sourceTree = BUILT_PRODUCTS_DIR; };
		311B2F2E1FB0E5DC00D25FEA /* AppDelegate.swift */ = {isa = PBXFileReference; lastKnownFileType = sourcecode.swift; path = AppDelegate.swift; sourceTree = "<group>"; };
		311B2F301FB0E5DC00D25FEA /* ViewController.swift */ = {isa = PBXFileReference; lastKnownFileType = sourcecode.swift; path = ViewController.swift; sourceTree = "<group>"; };
		311B2F331FB0E5DC00D25FEA /* Base */ = {isa = PBXFileReference; lastKnownFileType = file.storyboard; name = Base; path = Base.lproj/Main.storyboard; sourceTree = "<group>"; };
		311B2F351FB0E5DC00D25FEA /* Assets.xcassets */ = {isa = PBXFileReference; lastKnownFileType = folder.assetcatalog; path = Assets.xcassets; sourceTree = "<group>"; };
		311B2F381FB0E5DC00D25FEA /* Base */ = {isa = PBXFileReference; lastKnownFileType = file.storyboard; name = Base; path = Base.lproj/LaunchScreen.storyboard; sourceTree = "<group>"; };
		311B2F3A1FB0E5DC00D25FEA /* Info.plist */ = {isa = PBXFileReference; lastKnownFileType = text.plist.xml; path = Info.plist; sourceTree = "<group>"; };
/* End PBXFileReference section */

/* Begin PBXFrameworksBuildPhase section */
		311B2F281FB0E5DC00D25FEA /* Frameworks */ = {
			isa = PBXFrameworksBuildPhase;
			buildActionMask = 2147483647;
			files = (
			);
			runOnlyForDeploymentPostprocessing = 0;
		};
/* End PBXFrameworksBuildPhase section */

/* Begin PBXGroup section */
		311B2F221FB0E5DC00D25FEA = {
			isa = PBXGroup;
			children = (
				311B2F2D1FB0E5DC00D25FEA /* RelativeObjectRotation */,
				311B2F2C1FB0E5DC00D25FEA /* Products */,
			);
			sourceTree = "<group>";
		};
		311B2F2C1FB0E5DC00D25FEA /* Products */ = {
			isa = PBXGroup;
			children = (
				311B2F2B1FB0E5DC00D25FEA /* RelativeObjectRotation.app */,
			);
			name = Products;
			sourceTree = "<group>";
		};
		311B2F2D1FB0E5DC00D25FEA /* RelativeObjectRotation */ = {
			isa = PBXGroup;
			children = (
				311B2F2E1FB0E5DC00D25FEA /* AppDelegate.swift */,
				311B2F301FB0E5DC00D25FEA /* ViewController.swift */,
				311B2F321FB0E5DC00D25FEA /* Main.storyboard */,
				311B2F351FB0E5DC00D25FEA /* Assets.xcassets */,
				311B2F371FB0E5DC00D25FEA /* LaunchScreen.storyboard */,
				311B2F3A1FB0E5DC00D25FEA /* Info.plist */,
			);
			path = RelativeObjectRotation;
			sourceTree = "<group>";
		};
/* End PBXGroup section */

/* Begin PBXNativeTarget section */
		311B2F2A1FB0E5DC00D25FEA /* RelativeObjectRotation */ = {
			isa = PBXNativeTarget;
			buildConfigurationList = 311B2F3D1FB0E5DC00D25FEA /* Build configuration list for PBXNativeTarget "RelativeObjectRotation" */;
			buildPhases = (
				311B2F271FB0E5DC00D25FEA /* Sources */,
				311B2F281FB0E5DC00D25FEA /* Frameworks */,
				311B2F291FB0E5DC00D25FEA /* Resources */,
			);
			buildRules = (
			);
			dependencies = (
			);
			name = RelativeObjectRotation;
			productName = RelativeObjectRotation;
			productReference = 311B2F2B1FB0E5DC00D25FEA /* RelativeObjectRotation.app */;
			productType = "com.apple.product-type.application";
		};
/* End PBXNativeTarget section */

/* Begin PBXProject section */
		311B2F231FB0E5DC00D25FEA /* Project object */ = {
			isa = PBXProject;
			attributes = {
				LastSwiftUpdateCheck = 0900;
				LastUpgradeCheck = 0900;
				ORGANIZATIONNAME = "Anuj Dutt";
				TargetAttributes = {
					311B2F2A1FB0E5DC00D25FEA = {
						CreatedOnToolsVersion = 9.0.1;
						ProvisioningStyle = Automatic;
					};
				};
			};
			buildConfigurationList = 311B2F261FB0E5DC00D25FEA /* Build configuration list for PBXProject "RelativeObjectRotation" */;
			compatibilityVersion = "Xcode 8.0";
			developmentRegion = en;
			hasScannedForEncodings = 0;
			knownRegions = (
				en,
				Base,
			);
			mainGroup = 311B2F221FB0E5DC00D25FEA;
			productRefGroup = 311B2F2C1FB0E5DC00D25FEA /* Products */;
			projectDirPath = "";
			projectRoot = "";
			targets = (
				311B2F2A1FB0E5DC00D25FEA /* RelativeObjectRotation */,
			);
		};
/* End PBXProject section */

/* Begin PBXResourcesBuildPhase section */
		311B2F291FB0E5DC00D25FEA /* Resources */ = {
			isa = PBXResourcesBuildPhase;
			buildActionMask = 2147483647;
			files = (
				311B2F391FB0E5DC00D25FEA /* LaunchScreen.storyboard in Resources */,
				311B2F361FB0E5DC00D25FEA /* Assets.xcassets in Resources */,
				311B2F341FB0E5DC00D25FEA /* Main.storyboard in Resources */,
			);
			runOnlyForDeploymentPostprocessing = 0;
		};
/* End PBXResourcesBuildPhase section */

/* Begin PBXSourcesBuildPhase section */
		311B2F271FB0E5DC00D25FEA /* Sources */ = {
			isa = PBXSourcesBuildPhase;
			buildActionMask = 2147483647;
			files = (
				311B2F311FB0E5DC00D25FEA /* ViewController.swift in Sources */,
				311B2F2F1FB0E5DC00D25FEA /* AppDelegate.swift in Sources */,
			);
			runOnlyForDeploymentPostprocessing = 0;
		};
/* End PBXSourcesBuildPhase section */

/* Begin PBXVariantGroup section */
		311B2F321FB0E5DC00D25FEA /* Main.storyboard */ = {
			isa = PBXVariantGroup;
			children = (
				311B2F331FB0E5DC00D25FEA /* Base */,
			);
			name = Main.storyboard;
			sourceTree = "<group>";
		};
		311B2F371FB0E5DC00D25FEA /* LaunchScreen.storyboard */ = {
			isa = PBXVariantGroup;
			children = (
				311B2F381FB0E5DC00D25FEA /* Base */,
			);
			name = LaunchScreen.storyboard;
			sourceTree = "<group>";
		};
/* End PBXVariantGroup section */

/* Begin XCBuildConfiguration section */
		311B2F3B1FB0E5DC00D25FEA /* Debug */ = {
			isa = XCBuildConfiguration;
			buildSettings = {
				ALWAYS_SEARCH_USER_PATHS = NO;
				CLANG_ANALYZER_NONNULL = YES;
				CLANG_ANALYZER_NUMBER_OBJECT_CONVERSION = YES_AGGRESSIVE;
				CLANG_CXX_LANGUAGE_STANDARD = "gnu++14";
				CLANG_CXX_LIBRARY = "libc++";
				CLANG_ENABLE_MODULES = YES;
				CLANG_ENABLE_OBJC_ARC = YES;
				CLANG_WARN_BLOCK_CAPTURE_AUTORELEASING = YES;
				CLANG_WARN_BOOL_CONVERSION = YES;
				CLANG_WARN_COMMA = YES;
				CLANG_WARN_CONSTANT_CONVERSION = YES;
				CLANG_WARN_DIRECT_OBJC_ISA_USAGE = YES_ERROR;
				CLANG_WARN_DOCUMENTATION_COMMENTS = YES;
				CLANG_WARN_EMPTY_BODY = YES;
				CLANG_WARN_ENUM_CONVERSION = YES;
				CLANG_WARN_INFINITE_RECURSION = YES;
				CLANG_WARN_INT_CONVERSION = YES;
				CLANG_WARN_NON_LITERAL_NULL_CONVERSION = YES;
				CLANG_WARN_OBJC_LITERAL_CONVERSION = YES;
				CLANG_WARN_OBJC_ROOT_CLASS = YES_ERROR;
				CLANG_WARN_RANGE_LOOP_ANALYSIS = YES;
				CLANG_WARN_STRICT_PROTOTYPES = YES;
				CLANG_WARN_SUSPICIOUS_MOVE = YES;
				CLANG_WARN_UNGUARDED_AVAILABILITY = YES_AGGRESSIVE;
				CLANG_WARN_UNREACHABLE_CODE = YES;
				CLANG_WARN__DUPLICATE_METHOD_MATCH = YES;
				CODE_SIGN_IDENTITY = "iPhone Developer";
				COPY_PHASE_STRIP = NO;
				DEBUG_INFORMATION_FORMAT = dwarf;
				ENABLE_STRICT_OBJC_MSGSEND = YES;
				ENABLE_TESTABILITY = YES;
				GCC_C_LANGUAGE_STANDARD = gnu11;
				GCC_DYNAMIC_NO_PIC = NO;
				GCC_NO_COMMON_BLOCKS = YES;
				GCC_OPTIMIZATION_LEVEL = 0;
				GCC_PREPROCESSOR_DEFINITIONS = (
					"DEBUG=1",
					"$(inherited)",
				);
				GCC_WARN_64_TO_32_BIT_CONVERSION = YES;
				GCC_WARN_ABOUT_RETURN_TYPE = YES_ERROR;
				GCC_WARN_UNDECLARED_SELECTOR = YES;
				GCC_WARN_UNINITIALIZED_AUTOS = YES_AGGRESSIVE;
				GCC_WARN_UNUSED_FUNCTION = YES;
				GCC_WARN_UNUSED_VARIABLE = YES;
				IPHONEOS_DEPLOYMENT_TARGET = 11.0;
				MTL_ENABLE_DEBUG_INFO = YES;
				ONLY_ACTIVE_ARCH = YES;
				SDKROOT = iphoneos;
				SWIFT_ACTIVE_COMPILATION_CONDITIONS = DEBUG;
				SWIFT_OPTIMIZATION_LEVEL = "-Onone";
			};
			name = Debug;
		};
		311B2F3C1FB0E5DC00D25FEA /* Release */ = {
			isa = XCBuildConfiguration;
			buildSettings = {
				ALWAYS_SEARCH_USER_PATHS = NO;
				CLANG_ANALYZER_NONNULL = YES;
				CLANG_ANALYZER_NUMBER_OBJECT_CONVERSION = YES_AGGRESSIVE;
				CLANG_CXX_LANGUAGE_STANDARD = "gnu++14";
				CLANG_CXX_LIBRARY = "libc++";
				CLANG_ENABLE_MODULES = YES;
				CLANG_ENABLE_OBJC_ARC = YES;
				CLANG_WARN_BLOCK_CAPTURE_AUTORELEASING = YES;
				CLANG_WARN_BOOL_CONVERSION = YES;
				CLANG_WARN_COMMA = YES;
				CLANG_WARN_CONSTANT_CONVERSION = YES;
				CLANG_WARN_DIRECT_OBJC_ISA_USAGE = YES_ERROR;
				CLANG_WARN_DOCUMENTATION_COMMENTS = YES;
				CLANG_WARN_EMPTY_BODY = YES;
				CLANG_WARN_ENUM_CONVERSION = YES;
				CLANG_WARN_INFINITE_RECURSION = YES;
				CLANG_WARN_INT_CONVERSION = YES;
				CLANG_WARN_NON_LITERAL_NULL_CONVERSION = YES;
				CLANG_WARN_OBJC_LITERAL_CONVERSION = YES;
				CLANG_WARN_OBJC_ROOT_CLASS = YES_ERROR;
				CLANG_WARN_RANGE_LOOP_ANALYSIS = YES;
				CLANG_WARN_STRICT_PROTOTYPES = YES;
				CLANG_WARN_SUSPICIOUS_MOVE = YES;
				CLANG_WARN_UNGUARDED_AVAILABILITY = YES_AGGRESSIVE;
				CLANG_WARN_UNREACHABLE_CODE = YES;
				CLANG_WARN__DUPLICATE_METHOD_MATCH = YES;
				CODE_SIGN_IDENTITY = "iPhone Developer";
				COPY_PHASE_STRIP = NO;
				DEBUG_INFORMATION_FORMAT = "dwarf-with-dsym";
				ENABLE_NS_ASSERTIONS = NO;
				ENABLE_STRICT_OBJC_MSGSEND = YES;
				GCC_C_LANGUAGE_STANDARD = gnu11;
				GCC_NO_COMMON_BLOCKS = YES;
				GCC_WARN_64_TO_32_BIT_CONVERSION = YES;
				GCC_WARN_ABOUT_RETURN_TYPE = YES_ERROR;
				GCC_WARN_UNDECLARED_SELECTOR = YES;
				GCC_WARN_UNINITIALIZED_AUTOS = YES_AGGRESSIVE;
				GCC_WARN_UNUSED_FUNCTION = YES;
				GCC_WARN_UNUSED_VARIABLE = YES;
				IPHONEOS_DEPLOYMENT_TARGET = 11.0;
				MTL_ENABLE_DEBUG_INFO = NO;
				SDKROOT = iphoneos;
				SWIFT_OPTIMIZATION_LEVEL = "-Owholemodule";
				VALIDATE_PRODUCT = YES;
			};
			name = Release;
		};
		311B2F3E1FB0E5DC00D25FEA /* Debug */ = {
			isa = XCBuildConfiguration;
			buildSettings = {
				ASSETCATALOG_COMPILER_APPICON_NAME = AppIcon;
				CODE_SIGN_STYLE = Automatic;
				DEVELOPMENT_TEAM = 4J76NR74T6;
				INFOPLIST_FILE = RelativeObjectRotation/Info.plist;
				LD_RUNPATH_SEARCH_PATHS = "$(inherited) @executable_path/Frameworks";
				PRODUCT_BUNDLE_IDENTIFIER = com.anuj.worldTracking.RelativeObjectRotation;
				PRODUCT_NAME = "$(TARGET_NAME)";
				SWIFT_VERSION = 4.0;
				TARGETED_DEVICE_FAMILY = "1,2";
			};
			name = Debug;
		};
		311B2F3F1FB0E5DC00D25FEA /* Release */ = {
			isa = XCBuildConfiguration;
			buildSettings = {
				ASSETCATALOG_COMPILER_APPICON_NAME = AppIcon;
				CODE_SIGN_STYLE = Automatic;
				DEVELOPMENT_TEAM = 4J76NR74T6;
				INFOPLIST_FILE = RelativeObjectRotation/Info.plist;
				LD_RUNPATH_SEARCH_PATHS = "$(inherited) @executable_path/Frameworks";
				PRODUCT_BUNDLE_IDENTIFIER = com.anuj.worldTracking.RelativeObjectRotation;
				PRODUCT_NAME = "$(TARGET_NAME)";
				SWIFT_VERSION = 4.0;
				TARGETED_DEVICE_FAMILY = "1,2";
			};
			name = Release;
		};
/* End XCBuildConfiguration section */

/* Begin XCConfigurationList section */
		311B2F261FB0E5DC00D25FEA /* Build configuration list for PBXProject "RelativeObjectRotation" */ = {
			isa = XCConfigurationList;
			buildConfigurations = (
				311B2F3B1FB0E5DC00D25FEA /* Debug */,
				311B2F3C1FB0E5DC00D25FEA /* Release */,
			);
			defaultConfigurationIsVisible = 0;
			defaultConfigurationName = Release;
		};
		311B2F3D1FB0E5DC00D25FEA /* Build configuration list for PBXNativeTarget "RelativeObjectRotation" */ = {
			isa = XCConfigurationList;
			buildConfigurations = (
				311B2F3E1FB0E5DC00D25FEA /* Debug */,
				311B2F3F1FB0E5DC00D25FEA /* Release */,
			);
			defaultConfigurationIsVisible = 0;
			defaultConfigurationName = Release;
		};
/* End XCConfigurationList section */
	};
	rootObject = 311B2F231FB0E5DC00D25FEA /* Project object */;
}
