// !$*UTF8*$!
{
	archiveVersion = 1;
	classes = {
	};
	objectVersion = 48;
	objects = {

/* Begin PBXBuildFile section */
		312F8EAC1FC32EEE00C1A1FE /* AppDelegate.swift in Sources */ = {isa = PBXBuildFile; fileRef = 312F8EAB1FC32EEE00C1A1FE /* AppDelegate.swift */; };
		312F8EAE1FC32EEE00C1A1FE /* ViewController.swift in Sources */ = {isa = PBXBuildFile; fileRef = 312F8EAD1FC32EEE00C1A1FE /* ViewController.swift */; };
		312F8EB11FC32EEE00C1A1FE /* Main.storyboard in Resources */ = {isa = PBXBuildFile; fileRef = 312F8EAF1FC32EEE00C1A1FE /* Main.storyboard */; };
		312F8EB31FC32EEE00C1A1FE /* Assets.xcassets in Resources */ = {isa = PBXBuildFile; fileRef = 312F8EB21FC32EEE00C1A1FE /* Assets.xcassets */; };
		312F8EB61FC32EEE00C1A1FE /* LaunchScreen.storyboard in Resources */ = {isa = PBXBuildFile; fileRef = 312F8EB41FC32EEE00C1A1FE /* LaunchScreen.storyboard */; };
		312F8EC01FC3307600C1A1FE /* egg.scnassets in Resources */ = {isa = PBXBuildFile; fileRef = 312F8EBF1FC3307600C1A1FE /* egg.scnassets */; };
/* End PBXBuildFile section */

/* Begin PBXFileReference section */
		312F8EA81FC32EEE00C1A1FE /* ARShooter.app */ = {isa = PBXFileReference; explicitFileType = wrapper.application; includeInIndex = 0; path = ARShooter.app; sourceTree = BUILT_PRODUCTS_DIR; };
		312F8EAB1FC32EEE00C1A1FE /* AppDelegate.swift */ = {isa = PBXFileReference; lastKnownFileType = sourcecode.swift; path = AppDelegate.swift; sourceTree = "<group>"; };
		312F8EAD1FC32EEE00C1A1FE /* ViewController.swift */ = {isa = PBXFileReference; lastKnownFileType = sourcecode.swift; path = ViewController.swift; sourceTree = "<group>"; };
		312F8EB01FC32EEE00C1A1FE /* Base */ = {isa = PBXFileReference; lastKnownFileType = file.storyboard; name = Base; path = Base.lproj/Main.storyboard; sourceTree = "<group>"; };
		312F8EB21FC32EEE00C1A1FE /* Assets.xcassets */ = {isa = PBXFileReference; lastKnownFileType = folder.assetcatalog; path = Assets.xcassets; sourceTree = "<group>"; };
		312F8EB51FC32EEE00C1A1FE /* Base */ = {isa = PBXFileReference; lastKnownFileType = file.storyboard; name = Base; path = Base.lproj/LaunchScreen.storyboard; sourceTree = "<group>"; };
		312F8EB71FC32EEE00C1A1FE /* Info.plist */ = {isa = PBXFileReference; lastKnownFileType = text.plist.xml; path = Info.plist; sourceTree = "<group>"; };
		312F8EBF1FC3307600C1A1FE /* egg.scnassets */ = {isa = PBXFileReference; lastKnownFileType = wrapper.scnassets; path = egg.scnassets; sourceTree = "<group>"; };
/* End PBXFileReference section */

/* Begin PBXFrameworksBuildPhase section */
		312F8EA51FC32EEE00C1A1FE /* Frameworks */ = {
			isa = PBXFrameworksBuildPhase;
			buildActionMask = 2147483647;
			files = (
			);
			runOnlyForDeploymentPostprocessing = 0;
		};
/* End PBXFrameworksBuildPhase section */

/* Begin PBXGroup section */
		312F8E9F1FC32EEE00C1A1FE = {
			isa = PBXGroup;
			children = (
				312F8EAA1FC32EEE00C1A1FE /* ARShooter */,
				312F8EA91FC32EEE00C1A1FE /* Products */,
			);
			sourceTree = "<group>";
		};
		312F8EA91FC32EEE00C1A1FE /* Products */ = {
			isa = PBXGroup;
			children = (
				312F8EA81FC32EEE00C1A1FE /* ARShooter.app */,
			);
			name = Products;
			sourceTree = "<group>";
		};
		312F8EAA1FC32EEE00C1A1FE /* ARShooter */ = {
			isa = PBXGroup;
			children = (
				312F8EAB1FC32EEE00C1A1FE /* AppDelegate.swift */,
				312F8EAD1FC32EEE00C1A1FE /* ViewController.swift */,
				312F8EAF1FC32EEE00C1A1FE /* Main.storyboard */,
				312F8EB21FC32EEE00C1A1FE /* Assets.xcassets */,
				312F8EB41FC32EEE00C1A1FE /* LaunchScreen.storyboard */,
				312F8EB71FC32EEE00C1A1FE /* Info.plist */,
				312F8EBF1FC3307600C1A1FE /* egg.scnassets */,
			);
			path = ARShooter;
			sourceTree = "<group>";
		};
/* End PBXGroup section */

/* Begin PBXNativeTarget section */
		312F8EA71FC32EEE00C1A1FE /* ARShooter */ = {
			isa = PBXNativeTarget;
			buildConfigurationList = 312F8EBA1FC32EEF00C1A1FE /* Build configuration list for PBXNativeTarget "ARShooter" */;
			buildPhases = (
				312F8EA41FC32EEE00C1A1FE /* Sources */,
				312F8EA51FC32EEE00C1A1FE /* Frameworks */,
				312F8EA61FC32EEE00C1A1FE /* Resources */,
			);
			buildRules = (
			);
			dependencies = (
			);
			name = ARShooter;
			productName = ARShooter;
			productReference = 312F8EA81FC32EEE00C1A1FE /* ARShooter.app */;
			productType = "com.apple.product-type.application";
		};
/* End PBXNativeTarget section */

/* Begin PBXProject section */
		312F8EA01FC32EEE00C1A1FE /* Project object */ = {
			isa = PBXProject;
			attributes = {
				LastSwiftUpdateCheck = 0900;
				LastUpgradeCheck = 0900;
				ORGANIZATIONNAME = "Anuj Dutt";
				TargetAttributes = {
					312F8EA71FC32EEE00C1A1FE = {
						CreatedOnToolsVersion = 9.0.1;
						ProvisioningStyle = Automatic;
					};
				};
			};
			buildConfigurationList = 312F8EA31FC32EEE00C1A1FE /* Build configuration list for PBXProject "ARShooter" */;
			compatibilityVersion = "Xcode 8.0";
			developmentRegion = en;
			hasScannedForEncodings = 0;
			knownRegions = (
				en,
				Base,
			);
			mainGroup = 312F8E9F1FC32EEE00C1A1FE;
			productRefGroup = 312F8EA91FC32EEE00C1A1FE /* Products */;
			projectDirPath = "";
			projectRoot = "";
			targets = (
				312F8EA71FC32EEE00C1A1FE /* ARShooter */,
			);
		};
/* End PBXProject section */

/* Begin PBXResourcesBuildPhase section */
		312F8EA61FC32EEE00C1A1FE /* Resources */ = {
			isa = PBXResourcesBuildPhase;
			buildActionMask = 2147483647;
			files = (
				312F8EB61FC32EEE00C1A1FE /* LaunchScreen.storyboard in Resources */,
				312F8EC01FC3307600C1A1FE /* egg.scnassets in Resources */,
				312F8EB31FC32EEE00C1A1FE /* Assets.xcassets in Resources */,
				312F8EB11FC32EEE00C1A1FE /* Main.storyboard in Resources */,
			);
			runOnlyForDeploymentPostprocessing = 0;
		};
/* End PBXResourcesBuildPhase section */

/* Begin PBXSourcesBuildPhase section */
		312F8EA41FC32EEE00C1A1FE /* Sources */ = {
			isa = PBXSourcesBuildPhase;
			buildActionMask = 2147483647;
			files = (
				312F8EAE1FC32EEE00C1A1FE /* ViewController.swift in Sources */,
				312F8EAC1FC32EEE00C1A1FE /* AppDelegate.swift in Sources */,
			);
			runOnlyForDeploymentPostprocessing = 0;
		};
/* End PBXSourcesBuildPhase section */

/* Begin PBXVariantGroup section */
		312F8EAF1FC32EEE00C1A1FE /* Main.storyboard */ = {
			isa = PBXVariantGroup;
			children = (
				312F8EB01FC32EEE00C1A1FE /* Base */,
			);
			name = Main.storyboard;
			sourceTree = "<group>";
		};
		312F8EB41FC32EEE00C1A1FE /* LaunchScreen.storyboard */ = {
			isa = PBXVariantGroup;
			children = (
				312F8EB51FC32EEE00C1A1FE /* Base */,
			);
			name = LaunchScreen.storyboard;
			sourceTree = "<group>";
		};
/* End PBXVariantGroup section */

/* Begin XCBuildConfiguration section */
		312F8EB81FC32EEF00C1A1FE /* Debug */ = {
			isa = XCBuildConfiguration;
			buildSettings = {
				ALWAYS_SEARCH_USER_PATHS = NO;
				CLANG_ANALYZER_NONNULL = YES;
				CLANG_ANALYZER_NUMBER_OBJECT_CONVERSION = YES_AGGRESSIVE;
				CLANG_CXX_LANGUAGE_STANDARD = "gnu++14";
				CLANG_CXX_LIBRARY = "libc++";
				CLANG_ENABLE_MODULES = YES;
				CLANG_ENABLE_OBJC_ARC = YES;
				CLANG_WARN_BLOCK_CAPTURE_AUTORELEASING = YES;
				CLANG_WARN_BOOL_CONVERSION = YES;
				CLANG_WARN_COMMA = YES;
				CLANG_WARN_CONSTANT_CONVERSION = YES;
				CLANG_WARN_DIRECT_OBJC_ISA_USAGE = YES_ERROR;
				CLANG_WARN_DOCUMENTATION_COMMENTS = YES;
				CLANG_WARN_EMPTY_BODY = YES;
				CLANG_WARN_ENUM_CONVERSION = YES;
				CLANG_WARN_INFINITE_RECURSION = YES;
				CLANG_WARN_INT_CONVERSION = YES;
				CLANG_WARN_NON_LITERAL_NULL_CONVERSION = YES;
				CLANG_WARN_OBJC_LITERAL_CONVERSION = YES;
				CLANG_WARN_OBJC_ROOT_CLASS = YES_ERROR;
				CLANG_WARN_RANGE_LOOP_ANALYSIS = YES;
				CLANG_WARN_STRICT_PROTOTYPES = YES;
				CLANG_WARN_SUSPICIOUS_MOVE = YES;
				CLANG_WARN_UNGUARDED_AVAILABILITY = YES_AGGRESSIVE;
				CLANG_WARN_UNREACHABLE_CODE = YES;
				CLANG_WARN__DUPLICATE_METHOD_MATCH = YES;
				CODE_SIGN_IDENTITY = "iPhone Developer";
				COPY_PHASE_STRIP = NO;
				DEBUG_INFORMATION_FORMAT = dwarf;
				ENABLE_STRICT_OBJC_MSGSEND = YES;
				ENABLE_TESTABILITY = YES;
				GCC_C_LANGUAGE_STANDARD = gnu11;
				GCC_DYNAMIC_NO_PIC = NO;
				GCC_NO_COMMON_BLOCKS = YES;
				GCC_OPTIMIZATION_LEVEL = 0;
				GCC_PREPROCESSOR_DEFINITIONS = (
					"DEBUG=1",
					"$(inherited)",
				);
				GCC_WARN_64_TO_32_BIT_CONVERSION = YES;
				GCC_WARN_ABOUT_RETURN_TYPE = YES_ERROR;
				GCC_WARN_UNDECLARED_SELECTOR = YES;
				GCC_WARN_UNINITIALIZED_AUTOS = YES_AGGRESSIVE;
				GCC_WARN_UNUSED_FUNCTION = YES;
				GCC_WARN_UNUSED_VARIABLE = YES;
				IPHONEOS_DEPLOYMENT_TARGET = 11.0;
				MTL_ENABLE_DEBUG_INFO = YES;
				ONLY_ACTIVE_ARCH = YES;
				SDKROOT = iphoneos;
				SWIFT_ACTIVE_COMPILATION_CONDITIONS = DEBUG;
				SWIFT_OPTIMIZATION_LEVEL = "-Onone";
			};
			name = Debug;
		};
		312F8EB91FC32EEF00C1A1FE /* Release */ = {
			isa = XCBuildConfiguration;
			buildSettings = {
				ALWAYS_SEARCH_USER_PATHS = NO;
				CLANG_ANALYZER_NONNULL = YES;
				CLANG_ANALYZER_NUMBER_OBJECT_CONVERSION = YES_AGGRESSIVE;
				CLANG_CXX_LANGUAGE_STANDARD = "gnu++14";
				CLANG_CXX_LIBRARY = "libc++";
				CLANG_ENABLE_MODULES = YES;
				CLANG_ENABLE_OBJC_ARC = YES;
				CLANG_WARN_BLOCK_CAPTURE_AUTORELEASING = YES;
				CLANG_WARN_BOOL_CONVERSION = YES;
				CLANG_WARN_COMMA = YES;
				CLANG_WARN_CONSTANT_CONVERSION = YES;
				CLANG_WARN_DIRECT_OBJC_ISA_USAGE = YES_ERROR;
				CLANG_WARN_DOCUMENTATION_COMMENTS = YES;
				CLANG_WARN_EMPTY_BODY = YES;
				CLANG_WARN_ENUM_CONVERSION = YES;
				CLANG_WARN_INFINITE_RECURSION = YES;
				CLANG_WARN_INT_CONVERSION = YES;
				CLANG_WARN_NON_LITERAL_NULL_CONVERSION = YES;
				CLANG_WARN_OBJC_LITERAL_CONVERSION = YES;
				CLANG_WARN_OBJC_ROOT_CLASS = YES_ERROR;
				CLANG_WARN_RANGE_LOOP_ANALYSIS = YES;
				CLANG_WARN_STRICT_PROTOTYPES = YES;
				CLANG_WARN_SUSPICIOUS_MOVE = YES;
				CLANG_WARN_UNGUARDED_AVAILABILITY = YES_AGGRESSIVE;
				CLANG_WARN_UNREACHABLE_CODE = YES;
				CLANG_WARN__DUPLICATE_METHOD_MATCH = YES;
				CODE_SIGN_IDENTITY = "iPhone Developer";
				COPY_PHASE_STRIP = NO;
				DEBUG_INFORMATION_FORMAT = "dwarf-with-dsym";
				ENABLE_NS_ASSERTIONS = NO;
				ENABLE_STRICT_OBJC_MSGSEND = YES;
				GCC_C_LANGUAGE_STANDARD = gnu11;
				GCC_NO_COMMON_BLOCKS = YES;
				GCC_WARN_64_TO_32_BIT_CONVERSION = YES;
				GCC_WARN_ABOUT_RETURN_TYPE = YES_ERROR;
				GCC_WARN_UNDECLARED_SELECTOR = YES;
				GCC_WARN_UNINITIALIZED_AUTOS = YES_AGGRESSIVE;
				GCC_WARN_UNUSED_FUNCTION = YES;
				GCC_WARN_UNUSED_VARIABLE = YES;
				IPHONEOS_DEPLOYMENT_TARGET = 11.0;
				MTL_ENABLE_DEBUG_INFO = NO;
				SDKROOT = iphoneos;
				SWIFT_OPTIMIZATION_LEVEL = "-Owholemodule";
				VALIDATE_PRODUCT = YES;
			};
			name = Release;
		};
		312F8EBB1FC32EEF00C1A1FE /* Debug */ = {
			isa = XCBuildConfiguration;
			buildSettings = {
				ASSETCATALOG_COMPILER_APPICON_NAME = AppIcon;
				CODE_SIGN_STYLE = Automatic;
				DEVELOPMENT_TEAM = 4J76NR74T6;
				INFOPLIST_FILE = ARShooter/Info.plist;
				LD_RUNPATH_SEARCH_PATHS = "$(inherited) @executable_path/Frameworks";
				PRODUCT_BUNDLE_IDENTIFIER = com.anuj.shooter.ARShooter;
				PRODUCT_NAME = "$(TARGET_NAME)";
				SWIFT_VERSION = 4.0;
				TARGETED_DEVICE_FAMILY = "1,2";
			};
			name = Debug;
		};
		312F8EBC1FC32EEF00C1A1FE /* Release */ = {
			isa = XCBuildConfiguration;
			buildSettings = {
				ASSETCATALOG_COMPILER_APPICON_NAME = AppIcon;
				CODE_SIGN_STYLE = Automatic;
				DEVELOPMENT_TEAM = 4J76NR74T6;
				INFOPLIST_FILE = ARShooter/Info.plist;
				LD_RUNPATH_SEARCH_PATHS = "$(inherited) @executable_path/Frameworks";
				PRODUCT_BUNDLE_IDENTIFIER = com.anuj.shooter.ARShooter;
				PRODUCT_NAME = "$(TARGET_NAME)";
				SWIFT_VERSION = 4.0;
				TARGETED_DEVICE_FAMILY = "1,2";
			};
			name = Release;
		};
/* End XCBuildConfiguration section */

/* Begin XCConfigurationList section */
		312F8EA31FC32EEE00C1A1FE /* Build configuration list for PBXProject "ARShooter" */ = {
			isa = XCConfigurationList;
			buildConfigurations = (
				312F8EB81FC32EEF00C1A1FE /* Debug */,
				312F8EB91FC32EEF00C1A1FE /* Release */,
			);
			defaultConfigurationIsVisible = 0;
			defaultConfigurationName = Release;
		};
		312F8EBA1FC32EEF00C1A1FE /* Build configuration list for PBXNativeTarget "ARShooter" */ = {
			isa = XCConfigurationList;
			buildConfigurations = (
				312F8EBB1FC32EEF00C1A1FE /* Debug */,
				312F8EBC1FC32EEF00C1A1FE /* Release */,
			);
			defaultConfigurationIsVisible = 0;
			defaultConfigurationName = Release;
		};
/* End XCConfigurationList section */
	};
	rootObject = 312F8EA01FC32EEE00C1A1FE /* Project object */;
}
